
Microsoft Visual Studio Solution File, Format Version 12.00
# Visual Studio Version 17
VisualStudioVersion = 17.14.36221.1 d17.14
MinimumVisualStudioVersion = 10.0.40219.1
Project("{FAE04EC0-301F-11D3-BF4B-00C04F79EFBC}") = "jabines_Songoop", "jabines_Songoop\jabines_Songoop.csproj", "{6E669116-A8D1-4CBE-A77E-E90D7050391E}"
EndProject
Global
	GlobalSection(SolutionConfigurationPlatforms) = preSolution
		Debug|Any CPU = Debug|Any CPU
		Release|Any CPU = Release|Any CPU
	EndGlobalSection
	GlobalSection(ProjectConfigurationPlatforms) = postSolution
		{6E669116-A8D1-4CBE-A77E-E90D7050391E}.Debug|Any CPU.ActiveCfg = Debug|Any CPU
		{6E669116-A8D1-4CBE-A77E-E90D7050391E}.Debug|Any CPU.Build.0 = Debug|Any CPU
		{6E669116-A8D1-4CBE-A77E-E90D7050391E}.Release|Any CPU.ActiveCfg = Release|Any CPU
		{6E669116-A8D1-4CBE-A77E-E90D7050391E}.Release|Any CPU.Build.0 = Release|Any CPU
	EndGlobalSection
	GlobalSection(SolutionProperties) = preSolution
		HideSolutionNode = FALSE
	EndGlobalSection
	GlobalSection(ExtensibilityGlobals) = postSolution
		SolutionGuid = {3F31F592-1535-4AB9-84EA-A5E1E943AE78}
	EndGlobalSection
EndGlobal
